{
  "name": "wetbulb",
  "version": "1.0.0",
  "lockfileVersion": 3,
  "requires": true,
  "packages": {
    "": {
      "name": "wetbulb",
      "version": "1.0.0",
      "license": "ISC",
      "dependencies": {
        "wetbulb": "^0.0.2"
      }
    },
    "node_modules/wetbulb": {
      "version": "0.0.2",
      "resolved": "https://registry.npmjs.org/wetbulb/-/wetbulb-0.0.2.tgz",
      "integrity": "sha512-185K3DS8YDl4h3PC4lwlFu1j9/K671Jbn9ap7AWa259RRCp+lzSlWp3ZObKCScJy3LdFA7mejUwK8So7JA9gBQ=="
    }
  }
}
