{
  "name": "wetbulb-app",
  "version": "1.0.0",
  "lockfileVersion": 3,
  "requires": true,
  "packages": {
    "": {
      "name": "wetbulb-app",
      "version": "1.0.0",
      "license": "ISC",
      "dependencies": {
        "wetbulb": "^0.1.0"
      }
    },
    "node_modules/wetbulb": {
      "version": "0.1.0",
      "resolved": "https://registry.npmjs.org/wetbulb/-/wetbulb-0.1.0.tgz",
      "integrity": "sha512-N5jceiMuqgqfqvwIVxYKTyy1cDEpL7WVIyFk9Mi8j3bapUBrhe9rTSIx940Gzw7+viu14rh9p59nqzpZEzrAug=="
    }
  }
}
